// !$*UTF8*$!
{
	archiveVersion = 1;
	classes = {
	};
	objectVersion = 48;
	objects = {

/* Begin PBXBuildFile section */
		0EAFD2DB1FA6B823005EB56C /* AppDelegate.m in Sources */ = {isa = PBXBuildFile; fileRef = 0EAFD2DA1FA6B823005EB56C /* AppDelegate.m */; };
		0EAFD2DE1FA6B823005EB56C /* ViewController.m in Sources */ = {isa = PBXBuildFile; fileRef = 0EAFD2DD1FA6B823005EB56C /* ViewController.m */; };
		0EAFD2E11FA6B823005EB56C /* Main.storyboard in Resources */ = {isa = PBXBuildFile; fileRef = 0EAFD2DF1FA6B823005EB56C /* Main.storyboard */; };
		0EAFD2E31FA6B823005EB56C /* Assets.xcassets in Resources */ = {isa = PBXBuildFile; fileRef = 0EAFD2E21FA6B823005EB56C /* Assets.xcassets */; };
		0EAFD2E61FA6B823005EB56C /* LaunchScreen.storyboard in Resources */ = {isa = PBXBuildFile; fileRef = 0EAFD2E41FA6B823005EB56C /* LaunchScreen.storyboard */; };
		0EAFD2E91FA6B823005EB56C /* main.m in Sources */ = {isa = PBXBuildFile; fileRef = 0EAFD2E81FA6B823005EB56C /* main.m */; };
		0EAFD2F31FA6B823005EB56C /* ObjCALayerTests.m in Sources */ = {isa = PBXBuildFile; fileRef = 0EAFD2F21FA6B823005EB56C /* ObjCALayerTests.m */; };
		0EAFD2FE1FA6B823005EB56C /* ObjCALayerUITests.m in Sources */ = {isa = PBXBuildFile; fileRef = 0EAFD2FD1FA6B823005EB56C /* ObjCALayerUITests.m */; };
		0EAFD30D1FA6CF8F005EB56C /* YMView.m in Sources */ = {isa = PBXBuildFile; fileRef = 0EAFD30C1FA6CF8F005EB56C /* YMView.m */; };
/* End PBXBuildFile section */

/* Begin PBXContainerItemProxy section */
		0EAFD2EF1FA6B823005EB56C /* PBXContainerItemProxy */ = {
			isa = PBXContainerItemProxy;
			containerPortal = 0EAFD2CE1FA6B822005EB56C /* Project object */;
			proxyType = 1;
			remoteGlobalIDString = 0EAFD2D51FA6B823005EB56C;
			remoteInfo = ObjCALayer;
		};
		0EAFD2FA1FA6B823005EB56C /* PBXContainerItemProxy */ = {
			isa = PBXContainerItemProxy;
			containerPortal = 0EAFD2CE1FA6B822005EB56C /* Project object */;
			proxyType = 1;
			remoteGlobalIDString = 0EAFD2D51FA6B823005EB56C;
			remoteInfo = ObjCALayer;
		};
/* End PBXContainerItemProxy section */

/* Begin PBXFileReference section */
		0EAFD2D61FA6B823005EB56C /* ObjCALayer.app */ = {isa = PBXFileReference; explicitFileType = wrapper.application; includeInIndex = 0; path = ObjCALayer.app; sourceTree = BUILT_PRODUCTS_DIR; };
		0EAFD2D91FA6B823005EB56C /* AppDelegate.h */ = {isa = PBXFileReference; lastKnownFileType = sourcecode.c.h; path = AppDelegate.h; sourceTree = "<group>"; };
		0EAFD2DA1FA6B823005EB56C /* AppDelegate.m */ = {isa = PBXFileReference; lastKnownFileType = sourcecode.c.objc; path = AppDelegate.m; sourceTree = "<group>"; };
		0EAFD2DC1FA6B823005EB56C /* ViewController.h */ = {isa = PBXFileReference; lastKnownFileType = sourcecode.c.h; path = ViewController.h; sourceTree = "<group>"; };
		0EAFD2DD1FA6B823005EB56C /* ViewController.m */ = {isa = PBXFileReference; lastKnownFileType = sourcecode.c.objc; path = ViewController.m; sourceTree = "<group>"; };
		0EAFD2E01FA6B823005EB56C /* Base */ = {isa = PBXFileReference; lastKnownFileType = file.storyboard; name = Base; path = Base.lproj/Main.storyboard; sourceTree = "<group>"; };
		0EAFD2E21FA6B823005EB56C /* Assets.xcassets */ = {isa = PBXFileReference; lastKnownFileType = folder.assetcatalog; path = Assets.xcassets; sourceTree = "<group>"; };
		0EAFD2E51FA6B823005EB56C /* Base */ = {isa = PBXFileReference; lastKnownFileType = file.storyboard; name = Base; path = Base.lproj/LaunchScreen.storyboard; sourceTree = "<group>"; };
		0EAFD2E71FA6B823005EB56C /* Info.plist */ = {isa = PBXFileReference; lastKnownFileType = text.plist.xml; path = Info.plist; sourceTree = "<group>"; };
		0EAFD2E81FA6B823005EB56C /* main.m */ = {isa = PBXFileReference; lastKnownFileType = sourcecode.c.objc; path = main.m; sourceTree = "<group>"; };
		0EAFD2EE1FA6B823005EB56C /* ObjCALayerTests.xctest */ = {isa = PBXFileReference; explicitFileType = wrapper.cfbundle; includeInIndex = 0; path = ObjCALayerTests.xctest; sourceTree = BUILT_PRODUCTS_DIR; };
		0EAFD2F21FA6B823005EB56C /* ObjCALayerTests.m */ = {isa = PBXFileReference; lastKnownFileType = sourcecode.c.objc; path = ObjCALayerTests.m; sourceTree = "<group>"; };
		0EAFD2F41FA6B823005EB56C /* Info.plist */ = {isa = PBXFileReference; lastKnownFileType = text.plist.xml; path = Info.plist; sourceTree = "<group>"; };
		0EAFD2F91FA6B823005EB56C /* ObjCALayerUITests.xctest */ = {isa = PBXFileReference; explicitFileType = wrapper.cfbundle; includeInIndex = 0; path = ObjCALayerUITests.xctest; sourceTree = BUILT_PRODUCTS_DIR; };
		0EAFD2FD1FA6B823005EB56C /* ObjCALayerUITests.m */ = {isa = PBXFileReference; lastKnownFileType = sourcecode.c.objc; path = ObjCALayerUITests.m; sourceTree = "<group>"; };
		0EAFD2FF1FA6B823005EB56C /* Info.plist */ = {isa = PBXFileReference; lastKnownFileType = text.plist.xml; path = Info.plist; sourceTree = "<group>"; };
		0EAFD30B1FA6CF8F005EB56C /* YMView.h */ = {isa = PBXFileReference; lastKnownFileType = sourcecode.c.h; path = YMView.h; sourceTree = "<group>"; };
		0EAFD30C1FA6CF8F005EB56C /* YMView.m */ = {isa = PBXFileReference; lastKnownFileType = sourcecode.c.objc; path = YMView.m; sourceTree = "<group>"; };
/* End PBXFileReference section */

/* Begin PBXFrameworksBuildPhase section */
		0EAFD2D31FA6B823005EB56C /* Frameworks */ = {
			isa = PBXFrameworksBuildPhase;
			buildActionMask = 2147483647;
			files = (
			);
			runOnlyForDeploymentPostprocessing = 0;
		};
		0EAFD2EB1FA6B823005EB56C /* Frameworks */ = {
			isa = PBXFrameworksBuildPhase;
			buildActionMask = 2147483647;
			files = (
			);
			runOnlyForDeploymentPostprocessing = 0;
		};
		0EAFD2F61FA6B823005EB56C /* Frameworks */ = {
			isa = PBXFrameworksBuildPhase;
			buildActionMask = 2147483647;
			files = (
			);
			runOnlyForDeploymentPostprocessing = 0;
		};
/* End PBXFrameworksBuildPhase section */

/* Begin PBXGroup section */
		0EAFD2CD1FA6B822005EB56C = {
			isa = PBXGroup;
			children = (
				0EAFD2D81FA6B823005EB56C /* ObjCALayer */,
				0EAFD2F11FA6B823005EB56C /* ObjCALayerTests */,
				0EAFD2FC1FA6B823005EB56C /* ObjCALayerUITests */,
				0EAFD2D71FA6B823005EB56C /* Products */,
			);
			sourceTree = "<group>";
		};
		0EAFD2D71FA6B823005EB56C /* Products */ = {
			isa = PBXGroup;
			children = (
				0EAFD2D61FA6B823005EB56C /* ObjCALayer.app */,
				0EAFD2EE1FA6B823005EB56C /* ObjCALayerTests.xctest */,
				0EAFD2F91FA6B823005EB56C /* ObjCALayerUITests.xctest */,
			);
			name = Products;
			sourceTree = "<group>";
		};
		0EAFD2D81FA6B823005EB56C /* ObjCALayer */ = {
			isa = PBXGroup;
			children = (
				0EAFD2D91FA6B823005EB56C /* AppDelegate.h */,
				0EAFD2DA1FA6B823005EB56C /* AppDelegate.m */,
				0EAFD2DC1FA6B823005EB56C /* ViewController.h */,
				0EAFD2DD1FA6B823005EB56C /* ViewController.m */,
				0EAFD2DF1FA6B823005EB56C /* Main.storyboard */,
				0EAFD2E21FA6B823005EB56C /* Assets.xcassets */,
				0EAFD2E41FA6B823005EB56C /* LaunchScreen.storyboard */,
				0EAFD2E71FA6B823005EB56C /* Info.plist */,
				0EAFD2E81FA6B823005EB56C /* main.m */,
				0EAFD30B1FA6CF8F005EB56C /* YMView.h */,
				0EAFD30C1FA6CF8F005EB56C /* YMView.m */,
			);
			path = ObjCALayer;
			sourceTree = "<group>";
		};
		0EAFD2F11FA6B823005EB56C /* ObjCALayerTests */ = {
			isa = PBXGroup;
			children = (
				0EAFD2F21FA6B823005EB56C /* ObjCALayerTests.m */,
				0EAFD2F41FA6B823005EB56C /* Info.plist */,
			);
			path = ObjCALayerTests;
			sourceTree = "<group>";
		};
		0EAFD2FC1FA6B823005EB56C /* ObjCALayerUITests */ = {
			isa = PBXGroup;
			children = (
				0EAFD2FD1FA6B823005EB56C /* ObjCALayerUITests.m */,
				0EAFD2FF1FA6B823005EB56C /* Info.plist */,
			);
			path = ObjCALayerUITests;
			sourceTree = "<group>";
		};
/* End PBXGroup section */

/* Begin PBXNativeTarget section */
		0EAFD2D51FA6B823005EB56C /* ObjCALayer */ = {
			isa = PBXNativeTarget;
			buildConfigurationList = 0EAFD3021FA6B823005EB56C /* Build configuration list for PBXNativeTarget "ObjCALayer" */;
			buildPhases = (
				0EAFD2D21FA6B823005EB56C /* Sources */,
				0EAFD2D31FA6B823005EB56C /* Frameworks */,
				0EAFD2D41FA6B823005EB56C /* Resources */,
			);
			buildRules = (
			);
			dependencies = (
			);
			name = ObjCALayer;
			productName = ObjCALayer;
			productReference = 0EAFD2D61FA6B823005EB56C /* ObjCALayer.app */;
			productType = "com.apple.product-type.application";
		};
		0EAFD2ED1FA6B823005EB56C /* ObjCALayerTests */ = {
			isa = PBXNativeTarget;
			buildConfigurationList = 0EAFD3051FA6B823005EB56C /* Build configuration list for PBXNativeTarget "ObjCALayerTests" */;
			buildPhases = (
				0EAFD2EA1FA6B823005EB56C /* Sources */,
				0EAFD2EB1FA6B823005EB56C /* Frameworks */,
				0EAFD2EC1FA6B823005EB56C /* Resources */,
			);
			buildRules = (
			);
			dependencies = (
				0EAFD2F01FA6B823005EB56C /* PBXTargetDependency */,
			);
			name = ObjCALayerTests;
			productName = ObjCALayerTests;
			productReference = 0EAFD2EE1FA6B823005EB56C /* ObjCALayerTests.xctest */;
			productType = "com.apple.product-type.bundle.unit-test";
		};
		0EAFD2F81FA6B823005EB56C /* ObjCALayerUITests */ = {
			isa = PBXNativeTarget;
			buildConfigurationList = 0EAFD3081FA6B823005EB56C /* Build configuration list for PBXNativeTarget "ObjCALayerUITests" */;
			buildPhases = (
				0EAFD2F51FA6B823005EB56C /* Sources */,
				0EAFD2F61FA6B823005EB56C /* Frameworks */,
				0EAFD2F71FA6B823005EB56C /* Resources */,
			);
			buildRules = (
			);
			dependencies = (
				0EAFD2FB1FA6B823005EB56C /* PBXTargetDependency */,
			);
			name = ObjCALayerUITests;
			productName = ObjCALayerUITests;
			productReference = 0EAFD2F91FA6B823005EB56C /* ObjCALayerUITests.xctest */;
			productType = "com.apple.product-type.bundle.ui-testing";
		};
/* End PBXNativeTarget section */

/* Begin PBXProject section */
		0EAFD2CE1FA6B822005EB56C /* Project object */ = {
			isa = PBXProject;
			attributes = {
				LastUpgradeCheck = 0900;
				ORGANIZATIONNAME = "mt y";
				TargetAttributes = {
					0EAFD2D51FA6B823005EB56C = {
						CreatedOnToolsVersion = 9.0.1;
						ProvisioningStyle = Automatic;
					};
					0EAFD2ED1FA6B823005EB56C = {
						CreatedOnToolsVersion = 9.0.1;
						ProvisioningStyle = Automatic;
						TestTargetID = 0EAFD2D51FA6B823005EB56C;
					};
					0EAFD2F81FA6B823005EB56C = {
						CreatedOnToolsVersion = 9.0.1;
						ProvisioningStyle = Automatic;
						TestTargetID = 0EAFD2D51FA6B823005EB56C;
					};
				};
			};
			buildConfigurationList = 0EAFD2D11FA6B822005EB56C /* Build configuration list for PBXProject "ObjCALayer" */;
			compatibilityVersion = "Xcode 8.0";
			developmentRegion = en;
			hasScannedForEncodings = 0;
			knownRegions = (
				en,
				Base,
			);
			mainGroup = 0EAFD2CD1FA6B822005EB56C;
			productRefGroup = 0EAFD2D71FA6B823005EB56C /* Products */;
			projectDirPath = "";
			projectRoot = "";
			targets = (
				0EAFD2D51FA6B823005EB56C /* ObjCALayer */,
				0EAFD2ED1FA6B823005EB56C /* ObjCALayerTests */,
				0EAFD2F81FA6B823005EB56C /* ObjCALayerUITests */,
			);
		};
/* End PBXProject section */

/* Begin PBXResourcesBuildPhase section */
		0EAFD2D41FA6B823005EB56C /* Resources */ = {
			isa = PBXResourcesBuildPhase;
			buildActionMask = 2147483647;
			files = (
				0EAFD2E61FA6B823005EB56C /* LaunchScreen.storyboard in Resources */,
				0EAFD2E31FA6B823005EB56C /* Assets.xcassets in Resources */,
				0EAFD2E11FA6B823005EB56C /* Main.storyboard in Resources */,
			);
			runOnlyForDeploymentPostprocessing = 0;
		};
		0EAFD2EC1FA6B823005EB56C /* Resources */ = {
			isa = PBXResourcesBuildPhase;
			buildActionMask = 2147483647;
			files = (
			);
			runOnlyForDeploymentPostprocessing = 0;
		};
		0EAFD2F71FA6B823005EB56C /* Resources */ = {
			isa = PBXResourcesBuildPhase;
			buildActionMask = 2147483647;
			files = (
			);
			runOnlyForDeploymentPostprocessing = 0;
		};
/* End PBXResourcesBuildPhase section */

/* Begin PBXSourcesBuildPhase section */
		0EAFD2D21FA6B823005EB56C /* Sources */ = {
			isa = PBXSourcesBuildPhase;
			buildActionMask = 2147483647;
			files = (
				0EAFD30D1FA6CF8F005EB56C /* YMView.m in Sources */,
				0EAFD2DE1FA6B823005EB56C /* ViewController.m in Sources */,
				0EAFD2E91FA6B823005EB56C /* main.m in Sources */,
				0EAFD2DB1FA6B823005EB56C /* AppDelegate.m in Sources */,
			);
			runOnlyForDeploymentPostprocessing = 0;
		};
		0EAFD2EA1FA6B823005EB56C /* Sources */ = {
			isa = PBXSourcesBuildPhase;
			buildActionMask = 2147483647;
			files = (
				0EAFD2F31FA6B823005EB56C /* ObjCALayerTests.m in Sources */,
			);
			runOnlyForDeploymentPostprocessing = 0;
		};
		0EAFD2F51FA6B823005EB56C /* Sources */ = {
			isa = PBXSourcesBuildPhase;
			buildActionMask = 2147483647;
			files = (
				0EAFD2FE1FA6B823005EB56C /* ObjCALayerUITests.m in Sources */,
			);
			runOnlyForDeploymentPostprocessing = 0;
		};
/* End PBXSourcesBuildPhase section */

/* Begin PBXTargetDependency section */
		0EAFD2F01FA6B823005EB56C /* PBXTargetDependency */ = {
			isa = PBXTargetDependency;
			target = 0EAFD2D51FA6B823005EB56C /* ObjCALayer */;
			targetProxy = 0EAFD2EF1FA6B823005EB56C /* PBXContainerItemProxy */;
		};
		0EAFD2FB1FA6B823005EB56C /* PBXTargetDependency */ = {
			isa = PBXTargetDependency;
			target = 0EAFD2D51FA6B823005EB56C /* ObjCALayer */;
			targetProxy = 0EAFD2FA1FA6B823005EB56C /* PBXContainerItemProxy */;
		};
/* End PBXTargetDependency section */

/* Begin PBXVariantGroup section */
		0EAFD2DF1FA6B823005EB56C /* Main.storyboard */ = {
			isa = PBXVariantGroup;
			children = (
				0EAFD2E01FA6B823005EB56C /* Base */,
			);
			name = Main.storyboard;
			sourceTree = "<group>";
		};
		0EAFD2E41FA6B823005EB56C /* LaunchScreen.storyboard */ = {
			isa = PBXVariantGroup;
			children = (
				0EAFD2E51FA6B823005EB56C /* Base */,
			);
			name = LaunchScreen.storyboard;
			sourceTree = "<group>";
		};
/* End PBXVariantGroup section */

/* Begin XCBuildConfiguration section */
		0EAFD3001FA6B823005EB56C /* Debug */ = {
			isa = XCBuildConfiguration;
			buildSettings = {
				ALWAYS_SEARCH_USER_PATHS = NO;
				CLANG_ANALYZER_NONNULL = YES;
				CLANG_ANALYZER_NUMBER_OBJECT_CONVERSION = YES_AGGRESSIVE;
				CLANG_CXX_LANGUAGE_STANDARD = "gnu++14";
				CLANG_CXX_LIBRARY = "libc++";
				CLANG_ENABLE_MODULES = YES;
				CLANG_ENABLE_OBJC_ARC = YES;
				CLANG_WARN_BLOCK_CAPTURE_AUTORELEASING = YES;
				CLANG_WARN_BOOL_CONVERSION = YES;
				CLANG_WARN_COMMA = YES;
				CLANG_WARN_CONSTANT_CONVERSION = YES;
				CLANG_WARN_DIRECT_OBJC_ISA_USAGE = YES_ERROR;
				CLANG_WARN_DOCUMENTATION_COMMENTS = YES;
				CLANG_WARN_EMPTY_BODY = YES;
				CLANG_WARN_ENUM_CONVERSION = YES;
				CLANG_WARN_INFINITE_RECURSION = YES;
				CLANG_WARN_INT_CONVERSION = YES;
				CLANG_WARN_NON_LITERAL_NULL_CONVERSION = YES;
				CLANG_WARN_OBJC_LITERAL_CONVERSION = YES;
				CLANG_WARN_OBJC_ROOT_CLASS = YES_ERROR;
				CLANG_WARN_RANGE_LOOP_ANALYSIS = YES;
				CLANG_WARN_STRICT_PROTOTYPES = YES;
				CLANG_WARN_SUSPICIOUS_MOVE = YES;
				CLANG_WARN_UNGUARDED_AVAILABILITY = YES_AGGRESSIVE;
				CLANG_WARN_UNREACHABLE_CODE = YES;
				CLANG_WARN__DUPLICATE_METHOD_MATCH = YES;
				CODE_SIGN_IDENTITY = "iPhone Developer";
				COPY_PHASE_STRIP = NO;
				DEBUG_INFORMATION_FORMAT = dwarf;
				ENABLE_STRICT_OBJC_MSGSEND = YES;
				ENABLE_TESTABILITY = YES;
				GCC_C_LANGUAGE_STANDARD = gnu11;
				GCC_DYNAMIC_NO_PIC = NO;
				GCC_NO_COMMON_BLOCKS = YES;
				GCC_OPTIMIZATION_LEVEL = 0;
				GCC_PREPROCESSOR_DEFINITIONS = (
					"DEBUG=1",
					"$(inherited)",
				);
				GCC_WARN_64_TO_32_BIT_CONVERSION = YES;
				GCC_WARN_ABOUT_RETURN_TYPE = YES_ERROR;
				GCC_WARN_UNDECLARED_SELECTOR = YES;
				GCC_WARN_UNINITIALIZED_AUTOS = YES_AGGRESSIVE;
				GCC_WARN_UNUSED_FUNCTION = YES;
				GCC_WARN_UNUSED_VARIABLE = YES;
				IPHONEOS_DEPLOYMENT_TARGET = 11.0;
				MTL_ENABLE_DEBUG_INFO = YES;
				ONLY_ACTIVE_ARCH = YES;
				SDKROOT = iphoneos;
			};
			name = Debug;
		};
		0EAFD3011FA6B823005EB56C /* Release */ = {
			isa = XCBuildConfiguration;
			buildSettings = {
				ALWAYS_SEARCH_USER_PATHS = NO;
				CLANG_ANALYZER_NONNULL = YES;
				CLANG_ANALYZER_NUMBER_OBJECT_CONVERSION = YES_AGGRESSIVE;
				CLANG_CXX_LANGUAGE_STANDARD = "gnu++14";
				CLANG_CXX_LIBRARY = "libc++";
				CLANG_ENABLE_MODULES = YES;
				CLANG_ENABLE_OBJC_ARC = YES;
				CLANG_WARN_BLOCK_CAPTURE_AUTORELEASING = YES;
				CLANG_WARN_BOOL_CONVERSION = YES;
				CLANG_WARN_COMMA = YES;
				CLANG_WARN_CONSTANT_CONVERSION = YES;
				CLANG_WARN_DIRECT_OBJC_ISA_USAGE = YES_ERROR;
				CLANG_WARN_DOCUMENTATION_COMMENTS = YES;
				CLANG_WARN_EMPTY_BODY = YES;
				CLANG_WARN_ENUM_CONVERSION = YES;
				CLANG_WARN_INFINITE_RECURSION = YES;
				CLANG_WARN_INT_CONVERSION = YES;
				CLANG_WARN_NON_LITERAL_NULL_CONVERSION = YES;
				CLANG_WARN_OBJC_LITERAL_CONVERSION = YES;
				CLANG_WARN_OBJC_ROOT_CLASS = YES_ERROR;
				CLANG_WARN_RANGE_LOOP_ANALYSIS = YES;
				CLANG_WARN_STRICT_PROTOTYPES = YES;
				CLANG_WARN_SUSPICIOUS_MOVE = YES;
				CLANG_WARN_UNGUARDED_AVAILABILITY = YES_AGGRESSIVE;
				CLANG_WARN_UNREACHABLE_CODE = YES;
				CLANG_WARN__DUPLICATE_METHOD_MATCH = YES;
				CODE_SIGN_IDENTITY = "iPhone Developer";
				COPY_PHASE_STRIP = NO;
				DEBUG_INFORMATION_FORMAT = "dwarf-with-dsym";
				ENABLE_NS_ASSERTIONS = NO;
				ENABLE_STRICT_OBJC_MSGSEND = YES;
				GCC_C_LANGUAGE_STANDARD = gnu11;
				GCC_NO_COMMON_BLOCKS = YES;
				GCC_WARN_64_TO_32_BIT_CONVERSION = YES;
				GCC_WARN_ABOUT_RETURN_TYPE = YES_ERROR;
				GCC_WARN_UNDECLARED_SELECTOR = YES;
				GCC_WARN_UNINITIALIZED_AUTOS = YES_AGGRESSIVE;
				GCC_WARN_UNUSED_FUNCTION = YES;
				GCC_WARN_UNUSED_VARIABLE = YES;
				IPHONEOS_DEPLOYMENT_TARGET = 11.0;
				MTL_ENABLE_DEBUG_INFO = NO;
				SDKROOT = iphoneos;
				VALIDATE_PRODUCT = YES;
			};
			name = Release;
		};
		0EAFD3031FA6B823005EB56C /* Debug */ = {
			isa = XCBuildConfiguration;
			buildSettings = {
				ASSETCATALOG_COMPILER_APPICON_NAME = AppIcon;
				CODE_SIGN_STYLE = Automatic;
				DEVELOPMENT_TEAM = 38463SYV4K;
				INFOPLIST_FILE = ObjCALayer/Info.plist;
				LD_RUNPATH_SEARCH_PATHS = "$(inherited) @executable_path/Frameworks";
				PRODUCT_BUNDLE_IDENTIFIER = com.leWeiKeJi.ObjCALayer;
				PRODUCT_NAME = "$(TARGET_NAME)";
				TARGETED_DEVICE_FAMILY = "1,2";
			};
			name = Debug;
		};
		0EAFD3041FA6B823005EB56C /* Release */ = {
			isa = XCBuildConfiguration;
			buildSettings = {
				ASSETCATALOG_COMPILER_APPICON_NAME = AppIcon;
				CODE_SIGN_STYLE = Automatic;
				DEVELOPMENT_TEAM = 38463SYV4K;
				INFOPLIST_FILE = ObjCALayer/Info.plist;
				LD_RUNPATH_SEARCH_PATHS = "$(inherited) @executable_path/Frameworks";
				PRODUCT_BUNDLE_IDENTIFIER = com.leWeiKeJi.ObjCALayer;
				PRODUCT_NAME = "$(TARGET_NAME)";
				TARGETED_DEVICE_FAMILY = "1,2";
			};
			name = Release;
		};
		0EAFD3061FA6B823005EB56C /* Debug */ = {
			isa = XCBuildConfiguration;
			buildSettings = {
				BUNDLE_LOADER = "$(TEST_HOST)";
				CODE_SIGN_STYLE = Automatic;
				INFOPLIST_FILE = ObjCALayerTests/Info.plist;
				LD_RUNPATH_SEARCH_PATHS = "$(inherited) @executable_path/Frameworks @loader_path/Frameworks";
				PRODUCT_BUNDLE_IDENTIFIER = com.leWeiKeJi.ObjCALayerTests;
				PRODUCT_NAME = "$(TARGET_NAME)";
				TARGETED_DEVICE_FAMILY = "1,2";
				TEST_HOST = "$(BUILT_PRODUCTS_DIR)/ObjCALayer.app/ObjCALayer";
			};
			name = Debug;
		};
		0EAFD3071FA6B823005EB56C /* Release */ = {
			isa = XCBuildConfiguration;
			buildSettings = {
				BUNDLE_LOADER = "$(TEST_HOST)";
				CODE_SIGN_STYLE = Automatic;
				INFOPLIST_FILE = ObjCALayerTests/Info.plist;
				LD_RUNPATH_SEARCH_PATHS = "$(inherited) @executable_path/Frameworks @loader_path/Frameworks";
				PRODUCT_BUNDLE_IDENTIFIER = com.leWeiKeJi.ObjCALayerTests;
				PRODUCT_NAME = "$(TARGET_NAME)";
				TARGETED_DEVICE_FAMILY = "1,2";
				TEST_HOST = "$(BUILT_PRODUCTS_DIR)/ObjCALayer.app/ObjCALayer";
			};
			name = Release;
		};
		0EAFD3091FA6B823005EB56C /* Debug */ = {
			isa = XCBuildConfiguration;
			buildSettings = {
				CODE_SIGN_STYLE = Automatic;
				INFOPLIST_FILE = ObjCALayerUITests/Info.plist;
				LD_RUNPATH_SEARCH_PATHS = "$(inherited) @executable_path/Frameworks @loader_path/Frameworks";
				PRODUCT_BUNDLE_IDENTIFIER = com.leWeiKeJi.ObjCALayerUITests;
				PRODUCT_NAME = "$(TARGET_NAME)";
				TARGETED_DEVICE_FAMILY = "1,2";
				TEST_TARGET_NAME = ObjCALayer;
			};
			name = Debug;
		};
		0EAFD30A1FA6B823005EB56C /* Release */ = {
			isa = XCBuildConfiguration;
			buildSettings = {
				CODE_SIGN_STYLE = Automatic;
				INFOPLIST_FILE = ObjCALayerUITests/Info.plist;
				LD_RUNPATH_SEARCH_PATHS = "$(inherited) @executable_path/Frameworks @loader_path/Frameworks";
				PRODUCT_BUNDLE_IDENTIFIER = com.leWeiKeJi.ObjCALayerUITests;
				PRODUCT_NAME = "$(TARGET_NAME)";
				TARGETED_DEVICE_FAMILY = "1,2";
				TEST_TARGET_NAME = ObjCALayer;
			};
			name = Release;
		};
/* End XCBuildConfiguration section */

/* Begin XCConfigurationList section */
		0EAFD2D11FA6B822005EB56C /* Build configuration list for PBXProject "ObjCALayer" */ = {
			isa = XCConfigurationList;
			buildConfigurations = (
				0EAFD3001FA6B823005EB56C /* Debug */,
				0EAFD3011FA6B823005EB56C /* Release */,
			);
			defaultConfigurationIsVisible = 0;
			defaultConfigurationName = Release;
		};
		0EAFD3021FA6B823005EB56C /* Build configuration list for PBXNativeTarget "ObjCALayer" */ = {
			isa = XCConfigurationList;
			buildConfigurations = (
				0EAFD3031FA6B823005EB56C /* Debug */,
				0EAFD3041FA6B823005EB56C /* Release */,
			);
			defaultConfigurationIsVisible = 0;
			defaultConfigurationName = Release;
		};
		0EAFD3051FA6B823005EB56C /* Build configuration list for PBXNativeTarget "ObjCALayerTests" */ = {
			isa = XCConfigurationList;
			buildConfigurations = (
				0EAFD3061FA6B823005EB56C /* Debug */,
				0EAFD3071FA6B823005EB56C /* Release */,
			);
			defaultConfigurationIsVisible = 0;
			defaultConfigurationName = Release;
		};
		0EAFD3081FA6B823005EB56C /* Build configuration list for PBXNativeTarget "ObjCALayerUITests" */ = {
			isa = XCConfigurationList;
			buildConfigurations = (
				0EAFD3091FA6B823005EB56C /* Debug */,
				0EAFD30A1FA6B823005EB56C /* Release */,
			);
			defaultConfigurationIsVisible = 0;
			defaultConfigurationName = Release;
		};
/* End XCConfigurationList section */
	};
	rootObject = 0EAFD2CE1FA6B822005EB56C /* Project object */;
}
